{
  "name": "three-js-blobtree",
  "version": "1.0.0",
  "lockfileVersion": 1,
  "requires": true,
  "dependencies": {
    "three-full": {
      "version": "11.3.2",
      "resolved": "https://registry.npmjs.org/three-full/-/three-full-11.3.2.tgz",
      "integrity": "sha512-0qv9kLe2bp1ksV3mgjyzWtIBO//U19+RzoyAuSGkSKKYF0M3zxAwWU5L6rRhVj6L/GGlbUb4EHMa8QhcW8/Rtw=="
    }
  }
}
